Microsoft Visual Studio Solution File, Format Version 12.00
# Visual Studio Version 17
VisualStudioVersion = 17.5.2.0
MinimumVisualStudioVersion = 10.0.40219.1
Project("{2150E333-8FDC-42A3-9474-1A3956D46DE8}") = "Funcoes", "Funcoes", "{E04A209E-143B-4A08-54B4-0D3F4C85B636}"
EndProject
Project("{2150E333-8FDC-42A3-9474-1A3956D46DE8}") = "VetoresEMatrizes", "VetoresEMatrizes", "{0C0A7076-A7E0-1634-076A-19E3957BF220}"
EndProject
Project("{2150E333-8FDC-42A3-9474-1A3956D46DE8}") = "EstruturasDeRepeticao", "EstruturasDeRepeticao", "{DE81E12B-EDEE-B55C-62F0-F31D21A8223B}"
EndProject
Project("{2150E333-8FDC-42A3-9474-1A3956D46DE8}") = "EstruturasDeSelecao", "EstruturasDeSelecao", "{18BF5EC2-7312-B7ED-DC89-AD9440DB3300}"
EndProject
Project("{FAE04EC0-301F-11D3-BF4B-00C04F79EFBC}") = "Exercicio3", "Funcoes\Exercicio3\Exercicio3.csproj", "{DC0C3181-B43E-D9F9-5B23-6D336906724A}"
EndProject
Project("{FAE04EC0-301F-11D3-BF4B-00C04F79EFBC}") = "Exercicio3", "VetoresEMatrizes\Exercicio3\Exercicio3.csproj", "{D05A4FC2-5133-EF57-165D-F17F6C624856}"
EndProject
Project("{FAE04EC0-301F-11D3-BF4B-00C04F79EFBC}") = "Exercicio1", "EstruturasDeRepeticao\Exercicio1\Exercicio1.csproj", "{2127D224-4BA9-31A5-4D61-DD20718D4A3F}"
EndProject
Project("{FAE04EC0-301F-11D3-BF4B-00C04F79EFBC}") = "Exercicio3", "EstruturasDeRepeticao\Exercicio3\Exercicio3.csproj", "{1A61F86C-5DF4-88F9-03EF-50A3F9DD3148}"
EndProject
Project("{FAE04EC0-301F-11D3-BF4B-00C04F79EFBC}") = "Exercicio2", "EstruturasDeRepeticao\Exercicio2\Exercicio2.csproj", "{E31187FB-A5BD-9F4F-576D-13C3E85C5C19}"
EndProject
Project("{FAE04EC0-301F-11D3-BF4B-00C04F79EFBC}") = "isEven", "EstruturasDeSelecao\isEven\isEven.csproj", "{DB6D620C-BBEC-F35D-3C3F-0E9D58576605}"
EndProject
Project("{FAE04EC0-301F-11D3-BF4B-00C04F79EFBC}") = "rpg", "EstruturasDeSelecao\rpg\rpg.csproj", "{D7D55440-629D-46DA-BE27-7360EE7F9AAD}"
EndProject
Project("{FAE04EC0-301F-11D3-BF4B-00C04F79EFBC}") = "Exercicio4", "VetoresEMatrizes\Exercicio4\Exercicio4.csproj", "{DE4E12A7-36F8-404D-A8D8-213315EE9D7A}"
EndProject
Global
	GlobalSection(SolutionConfigurationPlatforms) = preSolution
		Debug|Any CPU = Debug|Any CPU
		Release|Any CPU = Release|Any CPU
	EndGlobalSection
	GlobalSection(ProjectConfigurationPlatforms) = postSolution
		{DC0C3181-B43E-D9F9-5B23-6D336906724A}.Debug|Any CPU.ActiveCfg = Debug|Any CPU
		{DC0C3181-B43E-D9F9-5B23-6D336906724A}.Debug|Any CPU.Build.0 = Debug|Any CPU
		{DC0C3181-B43E-D9F9-5B23-6D336906724A}.Release|Any CPU.ActiveCfg = Release|Any CPU
		{DC0C3181-B43E-D9F9-5B23-6D336906724A}.Release|Any CPU.Build.0 = Release|Any CPU
		{D05A4FC2-5133-EF57-165D-F17F6C624856}.Debug|Any CPU.ActiveCfg = Debug|Any CPU
		{D05A4FC2-5133-EF57-165D-F17F6C624856}.Debug|Any CPU.Build.0 = Debug|Any CPU
		{D05A4FC2-5133-EF57-165D-F17F6C624856}.Release|Any CPU.ActiveCfg = Release|Any CPU
		{D05A4FC2-5133-EF57-165D-F17F6C624856}.Release|Any CPU.Build.0 = Release|Any CPU
		{2127D224-4BA9-31A5-4D61-DD20718D4A3F}.Debug|Any CPU.ActiveCfg = Debug|Any CPU
		{2127D224-4BA9-31A5-4D61-DD20718D4A3F}.Debug|Any CPU.Build.0 = Debug|Any CPU
		{2127D224-4BA9-31A5-4D61-DD20718D4A3F}.Release|Any CPU.ActiveCfg = Release|Any CPU
		{2127D224-4BA9-31A5-4D61-DD20718D4A3F}.Release|Any CPU.Build.0 = Release|Any CPU
		{1A61F86C-5DF4-88F9-03EF-50A3F9DD3148}.Debug|Any CPU.ActiveCfg = Debug|Any CPU
		{1A61F86C-5DF4-88F9-03EF-50A3F9DD3148}.Debug|Any CPU.Build.0 = Debug|Any CPU
		{1A61F86C-5DF4-88F9-03EF-50A3F9DD3148}.Release|Any CPU.ActiveCfg = Release|Any CPU
		{1A61F86C-5DF4-88F9-03EF-50A3F9DD3148}.Release|Any CPU.Build.0 = Release|Any CPU
		{E31187FB-A5BD-9F4F-576D-13C3E85C5C19}.Debug|Any CPU.ActiveCfg = Debug|Any CPU
		{E31187FB-A5BD-9F4F-576D-13C3E85C5C19}.Debug|Any CPU.Build.0 = Debug|Any CPU
		{E31187FB-A5BD-9F4F-576D-13C3E85C5C19}.Release|Any CPU.ActiveCfg = Release|Any CPU
		{E31187FB-A5BD-9F4F-576D-13C3E85C5C19}.Release|Any CPU.Build.0 = Release|Any CPU
		{DB6D620C-BBEC-F35D-3C3F-0E9D58576605}.Debug|Any CPU.ActiveCfg = Debug|Any CPU
		{DB6D620C-BBEC-F35D-3C3F-0E9D58576605}.Debug|Any CPU.Build.0 = Debug|Any CPU
		{DB6D620C-BBEC-F35D-3C3F-0E9D58576605}.Release|Any CPU.ActiveCfg = Release|Any CPU
		{DB6D620C-BBEC-F35D-3C3F-0E9D58576605}.Release|Any CPU.Build.0 = Release|Any CPU
		{D7D55440-629D-46DA-BE27-7360EE7F9AAD}.Debug|Any CPU.ActiveCfg = Debug|Any CPU
		{D7D55440-629D-46DA-BE27-7360EE7F9AAD}.Debug|Any CPU.Build.0 = Debug|Any CPU
		{D7D55440-629D-46DA-BE27-7360EE7F9AAD}.Release|Any CPU.ActiveCfg = Release|Any CPU
		{D7D55440-629D-46DA-BE27-7360EE7F9AAD}.Release|Any CPU.Build.0 = Release|Any CPU
		{DE4E12A7-36F8-404D-A8D8-213315EE9D7A}.Debug|Any CPU.ActiveCfg = Debug|Any CPU
		{DE4E12A7-36F8-404D-A8D8-213315EE9D7A}.Debug|Any CPU.Build.0 = Debug|Any CPU
		{DE4E12A7-36F8-404D-A8D8-213315EE9D7A}.Release|Any CPU.ActiveCfg = Release|Any CPU
		{DE4E12A7-36F8-404D-A8D8-213315EE9D7A}.Release|Any CPU.Build.0 = Release|Any CPU
	EndGlobalSection
	GlobalSection(SolutionProperties) = preSolution
		HideSolutionNode = FALSE
	EndGlobalSection
	GlobalSection(NestedProjects) = preSolution
		{DC0C3181-B43E-D9F9-5B23-6D336906724A} = {E04A209E-143B-4A08-54B4-0D3F4C85B636}
		{D05A4FC2-5133-EF57-165D-F17F6C624856} = {0C0A7076-A7E0-1634-076A-19E3957BF220}
		{2127D224-4BA9-31A5-4D61-DD20718D4A3F} = {DE81E12B-EDEE-B55C-62F0-F31D21A8223B}
		{1A61F86C-5DF4-88F9-03EF-50A3F9DD3148} = {DE81E12B-EDEE-B55C-62F0-F31D21A8223B}
		{E31187FB-A5BD-9F4F-576D-13C3E85C5C19} = {DE81E12B-EDEE-B55C-62F0-F31D21A8223B}
		{DB6D620C-BBEC-F35D-3C3F-0E9D58576605} = {18BF5EC2-7312-B7ED-DC89-AD9440DB3300}
		{D7D55440-629D-46DA-BE27-7360EE7F9AAD} = {18BF5EC2-7312-B7ED-DC89-AD9440DB3300}
		{DE4E12A7-36F8-404D-A8D8-213315EE9D7A} = {0C0A7076-A7E0-1634-076A-19E3957BF220}
	EndGlobalSection
	GlobalSection(ExtensibilityGlobals) = postSolution
		SolutionGuid = {284A311D-4453-4BC1-B704-4C7808874CB1}
	EndGlobalSection
EndGlobal
